
Microsoft Visual Studio Solution File, Format Version 12.00
# Visual Studio Version 17
VisualStudioVersion = 17.4.33213.308
MinimumVisualStudioVersion = 10.0.40219.1
Project("{FAE04EC0-301F-11D3-BF4B-00C04F79EFBC}") = "Lab_2_4", "Lab_2_4\Lab_2_4.csproj", "{F2711039-D729-4533-912A-908E423B4784}"
EndProject
Global
	GlobalSection(SolutionConfigurationPlatforms) = preSolution
		Debug|Any CPU = Debug|Any CPU
		Release|Any CPU = Release|Any CPU
	EndGlobalSection
	GlobalSection(ProjectConfigurationPlatforms) = postSolution
		{F2711039-D729-4533-912A-908E423B4784}.Debug|Any CPU.ActiveCfg = Debug|Any CPU
		{F2711039-D729-4533-912A-908E423B4784}.Debug|Any CPU.Build.0 = Debug|Any CPU
		{F2711039-D729-4533-912A-908E423B4784}.Release|Any CPU.ActiveCfg = Release|Any CPU
		{F2711039-D729-4533-912A-908E423B4784}.Release|Any CPU.Build.0 = Release|Any CPU
	EndGlobalSection
	GlobalSection(SolutionProperties) = preSolution
		HideSolutionNode = FALSE
	EndGlobalSection
	GlobalSection(ExtensibilityGlobals) = postSolution
		SolutionGuid = {18F47E83-C696-4411-896F-CF8CED755BC1}
	EndGlobalSection
EndGlobal
